
Microsoft Visual Studio Solution File, Format Version 12.00
# Visual Studio 15
VisualStudioVersion = 15.0.27130.2020
MinimumVisualStudioVersion = 10.0.40219.1
Project("{FAE04EC0-301F-11D3-BF4B-00C04F79EFBC}") = "website", "website\website.csproj", "{10A197F9-215B-469F-A83A-D7616D871459}"
EndProject
Global
	GlobalSection(SolutionConfigurationPlatforms) = preSolution
		Debug|Any CPU = Debug|Any CPU
		Release|Any CPU = Release|Any CPU
	EndGlobalSection
	GlobalSection(ProjectConfigurationPlatforms) = postSolution
		{10A197F9-215B-469F-A83A-D7616D871459}.Debug|Any CPU.ActiveCfg = Debug|Any CPU
		{10A197F9-215B-469F-A83A-D7616D871459}.Debug|Any CPU.Build.0 = Debug|Any CPU
		{10A197F9-215B-469F-A83A-D7616D871459}.Release|Any CPU.ActiveCfg = Release|Any CPU
		{10A197F9-215B-469F-A83A-D7616D871459}.Release|Any CPU.Build.0 = Release|Any CPU
	EndGlobalSection
	GlobalSection(SolutionProperties) = preSolution
		HideSolutionNode = FALSE
	EndGlobalSection
	GlobalSection(ExtensibilityGlobals) = postSolution
		SolutionGuid = {61CC94DB-F57D-41DB-A969-0C2C0D616C17}
	EndGlobalSection
EndGlobal
